// !$*UTF8*$!
{
	archiveVersion = 1;
	classes = {
	};
	objectVersion = 50;
	objects = {

/* Begin PBXBuildFile section */
		98AC30123372E1449F7B144A /* Pods_AD.framework in Frameworks */ = {isa = PBXBuildFile; fileRef = 7FA07F8E50981537C6814D5E /* Pods_AD.framework */; };
		D4367F542653C2C10021A5E5 /* AppDelegate.m in Sources */ = {isa = PBXBuildFile; fileRef = D4367F532653C2C10021A5E5 /* AppDelegate.m */; };
		D4367F572653C2C10021A5E5 /* SceneDelegate.m in Sources */ = {isa = PBXBuildFile; fileRef = D4367F562653C2C10021A5E5 /* SceneDelegate.m */; };
		D4367F5A2653C2C10021A5E5 /* ViewController.m in Sources */ = {isa = PBXBuildFile; fileRef = D4367F592653C2C10021A5E5 /* ViewController.m */; };
		D4367F5D2653C2C10021A5E5 /* Main.storyboard in Resources */ = {isa = PBXBuildFile; fileRef = D4367F5B2653C2C10021A5E5 /* Main.storyboard */; };
		D4367F5F2653C2C40021A5E5 /* Assets.xcassets in Resources */ = {isa = PBXBuildFile; fileRef = D4367F5E2653C2C40021A5E5 /* Assets.xcassets */; };
		D4367F622653C2C40021A5E5 /* LaunchScreen.storyboard in Resources */ = {isa = PBXBuildFile; fileRef = D4367F602653C2C40021A5E5 /* LaunchScreen.storyboard */; };
		D4367F652653C2C40021A5E5 /* main.m in Sources */ = {isa = PBXBuildFile; fileRef = D4367F642653C2C40021A5E5 /* main.m */; };
		D48544692654AE1200531BCB /* XXADManager.m in Sources */ = {isa = PBXBuildFile; fileRef = D48544682654AE1200531BCB /* XXADManager.m */; };
/* End PBXBuildFile section */

/* Begin PBXFileReference section */
		104555E875F9959F78D420F6 /* Pods-AD.release.xcconfig */ = {isa = PBXFileReference; includeInIndex = 1; lastKnownFileType = text.xcconfig; name = "Pods-AD.release.xcconfig"; path = "Target Support Files/Pods-AD/Pods-AD.release.xcconfig"; sourceTree = "<group>"; };
		7FA07F8E50981537C6814D5E /* Pods_AD.framework */ = {isa = PBXFileReference; explicitFileType = wrapper.framework; includeInIndex = 0; path = Pods_AD.framework; sourceTree = BUILT_PRODUCTS_DIR; };
		D4367F4F2653C2C10021A5E5 /* AD.app */ = {isa = PBXFileReference; explicitFileType = wrapper.application; includeInIndex = 0; path = AD.app; sourceTree = BUILT_PRODUCTS_DIR; };
		D4367F522653C2C10021A5E5 /* AppDelegate.h */ = {isa = PBXFileReference; lastKnownFileType = sourcecode.c.h; path = AppDelegate.h; sourceTree = "<group>"; };
		D4367F532653C2C10021A5E5 /* AppDelegate.m */ = {isa = PBXFileReference; lastKnownFileType = sourcecode.c.objc; path = AppDelegate.m; sourceTree = "<group>"; };
		D4367F552653C2C10021A5E5 /* SceneDelegate.h */ = {isa = PBXFileReference; lastKnownFileType = sourcecode.c.h; path = SceneDelegate.h; sourceTree = "<group>"; };
		D4367F562653C2C10021A5E5 /* SceneDelegate.m */ = {isa = PBXFileReference; lastKnownFileType = sourcecode.c.objc; path = SceneDelegate.m; sourceTree = "<group>"; };
		D4367F582653C2C10021A5E5 /* ViewController.h */ = {isa = PBXFileReference; lastKnownFileType = sourcecode.c.h; path = ViewController.h; sourceTree = "<group>"; };
		D4367F592653C2C10021A5E5 /* ViewController.m */ = {isa = PBXFileReference; lastKnownFileType = sourcecode.c.objc; path = ViewController.m; sourceTree = "<group>"; };
		D4367F5C2653C2C10021A5E5 /* Base */ = {isa = PBXFileReference; lastKnownFileType = file.storyboard; name = Base; path = Base.lproj/Main.storyboard; sourceTree = "<group>"; };
		D4367F5E2653C2C40021A5E5 /* Assets.xcassets */ = {isa = PBXFileReference; lastKnownFileType = folder.assetcatalog; path = Assets.xcassets; sourceTree = "<group>"; };
		D4367F612653C2C40021A5E5 /* Base */ = {isa = PBXFileReference; lastKnownFileType = file.storyboard; name = Base; path = Base.lproj/LaunchScreen.storyboard; sourceTree = "<group>"; };
		D4367F632653C2C40021A5E5 /* Info.plist */ = {isa = PBXFileReference; lastKnownFileType = text.plist.xml; path = Info.plist; sourceTree = "<group>"; };
		D4367F642653C2C40021A5E5 /* main.m */ = {isa = PBXFileReference; lastKnownFileType = sourcecode.c.objc; path = main.m; sourceTree = "<group>"; };
		D48544672654AE1200531BCB /* XXADManager.h */ = {isa = PBXFileReference; lastKnownFileType = sourcecode.c.h; path = XXADManager.h; sourceTree = "<group>"; };
		D48544682654AE1200531BCB /* XXADManager.m */ = {isa = PBXFileReference; lastKnownFileType = sourcecode.c.objc; path = XXADManager.m; sourceTree = "<group>"; };
		D48544702654B95900531BCB /* XXADDefine.h */ = {isa = PBXFileReference; lastKnownFileType = sourcecode.c.h; path = XXADDefine.h; sourceTree = "<group>"; };
		EEAC84880516E456D78B7AA7 /* Pods-AD.debug.xcconfig */ = {isa = PBXFileReference; includeInIndex = 1; lastKnownFileType = text.xcconfig; name = "Pods-AD.debug.xcconfig"; path = "Target Support Files/Pods-AD/Pods-AD.debug.xcconfig"; sourceTree = "<group>"; };
/* End PBXFileReference section */

/* Begin PBXFrameworksBuildPhase section */
		D4367F4C2653C2C10021A5E5 /* Frameworks */ = {
			isa = PBXFrameworksBuildPhase;
			buildActionMask = 2147483647;
			files = (
				98AC30123372E1449F7B144A /* Pods_AD.framework in Frameworks */,
			);
			runOnlyForDeploymentPostprocessing = 0;
		};
/* End PBXFrameworksBuildPhase section */

/* Begin PBXGroup section */
		749A7DC41F8C04F62A8F18AB /* Frameworks */ = {
			isa = PBXGroup;
			children = (
				7FA07F8E50981537C6814D5E /* Pods_AD.framework */,
			);
			name = Frameworks;
			sourceTree = "<group>";
		};
		D4367F462653C2C10021A5E5 = {
			isa = PBXGroup;
			children = (
				D4367F512653C2C10021A5E5 /* AD */,
				D4367F502653C2C10021A5E5 /* Products */,
				E36343B4F928952CAC566C3C /* Pods */,
				749A7DC41F8C04F62A8F18AB /* Frameworks */,
			);
			sourceTree = "<group>";
		};
		D4367F502653C2C10021A5E5 /* Products */ = {
			isa = PBXGroup;
			children = (
				D4367F4F2653C2C10021A5E5 /* AD.app */,
			);
			name = Products;
			sourceTree = "<group>";
		};
		D4367F512653C2C10021A5E5 /* AD */ = {
			isa = PBXGroup;
			children = (
				D48544662654AD9A00531BCB /* XXADManager */,
				D4367F522653C2C10021A5E5 /* AppDelegate.h */,
				D4367F532653C2C10021A5E5 /* AppDelegate.m */,
				D4367F552653C2C10021A5E5 /* SceneDelegate.h */,
				D4367F562653C2C10021A5E5 /* SceneDelegate.m */,
				D4367F582653C2C10021A5E5 /* ViewController.h */,
				D4367F592653C2C10021A5E5 /* ViewController.m */,
				D4367F5B2653C2C10021A5E5 /* Main.storyboard */,
				D4367F5E2653C2C40021A5E5 /* Assets.xcassets */,
				D4367F602653C2C40021A5E5 /* LaunchScreen.storyboard */,
				D4367F632653C2C40021A5E5 /* Info.plist */,
				D4367F642653C2C40021A5E5 /* main.m */,
			);
			path = AD;
			sourceTree = "<group>";
		};
		D48544662654AD9A00531BCB /* XXADManager */ = {
			isa = PBXGroup;
			children = (
				D48544702654B95900531BCB /* XXADDefine.h */,
				D48544672654AE1200531BCB /* XXADManager.h */,
				D48544682654AE1200531BCB /* XXADManager.m */,
			);
			path = XXADManager;
			sourceTree = "<group>";
		};
		E36343B4F928952CAC566C3C /* Pods */ = {
			isa = PBXGroup;
			children = (
				EEAC84880516E456D78B7AA7 /* Pods-AD.debug.xcconfig */,
				104555E875F9959F78D420F6 /* Pods-AD.release.xcconfig */,
			);
			path = Pods;
			sourceTree = "<group>";
		};
/* End PBXGroup section */

/* Begin PBXNativeTarget section */
		D4367F4E2653C2C10021A5E5 /* AD */ = {
			isa = PBXNativeTarget;
			buildConfigurationList = D4367F682653C2C40021A5E5 /* Build configuration list for PBXNativeTarget "AD" */;
			buildPhases = (
				C8C0DFE02643ADF494269961 /* [CP] Check Pods Manifest.lock */,
				D4367F4B2653C2C10021A5E5 /* Sources */,
				D4367F4C2653C2C10021A5E5 /* Frameworks */,
				D4367F4D2653C2C10021A5E5 /* Resources */,
			);
			buildRules = (
			);
			dependencies = (
			);
			name = AD;
			productName = AD;
			productReference = D4367F4F2653C2C10021A5E5 /* AD.app */;
			productType = "com.apple.product-type.application";
		};
/* End PBXNativeTarget section */

/* Begin PBXProject section */
		D4367F472653C2C10021A5E5 /* Project object */ = {
			isa = PBXProject;
			attributes = {
				LastUpgradeCheck = 1220;
				TargetAttributes = {
					D4367F4E2653C2C10021A5E5 = {
						CreatedOnToolsVersion = 12.2;
					};
				};
			};
			buildConfigurationList = D4367F4A2653C2C10021A5E5 /* Build configuration list for PBXProject "AD" */;
			compatibilityVersion = "Xcode 9.3";
			developmentRegion = en;
			hasScannedForEncodings = 0;
			knownRegions = (
				en,
				Base,
			);
			mainGroup = D4367F462653C2C10021A5E5;
			productRefGroup = D4367F502653C2C10021A5E5 /* Products */;
			projectDirPath = "";
			projectRoot = "";
			targets = (
				D4367F4E2653C2C10021A5E5 /* AD */,
			);
		};
/* End PBXProject section */

/* Begin PBXResourcesBuildPhase section */
		D4367F4D2653C2C10021A5E5 /* Resources */ = {
			isa = PBXResourcesBuildPhase;
			buildActionMask = 2147483647;
			files = (
				D4367F622653C2C40021A5E5 /* LaunchScreen.storyboard in Resources */,
				D4367F5F2653C2C40021A5E5 /* Assets.xcassets in Resources */,
				D4367F5D2653C2C10021A5E5 /* Main.storyboard in Resources */,
			);
			runOnlyForDeploymentPostprocessing = 0;
		};
/* End PBXResourcesBuildPhase section */

/* Begin PBXShellScriptBuildPhase section */
		C8C0DFE02643ADF494269961 /* [CP] Check Pods Manifest.lock */ = {
			isa = PBXShellScriptBuildPhase;
			buildActionMask = 2147483647;
			files = (
			);
			inputFileListPaths = (
			);
			inputPaths = (
				"${PODS_PODFILE_DIR_PATH}/Podfile.lock",
				"${PODS_ROOT}/Manifest.lock",
			);
			name = "[CP] Check Pods Manifest.lock";
			outputFileListPaths = (
			);
			outputPaths = (
				"$(DERIVED_FILE_DIR)/Pods-AD-checkManifestLockResult.txt",
			);
			runOnlyForDeploymentPostprocessing = 0;
			shellPath = /bin/sh;
			shellScript = "diff \"${PODS_PODFILE_DIR_PATH}/Podfile.lock\" \"${PODS_ROOT}/Manifest.lock\" > /dev/null\nif [ $? != 0 ] ; then\n    # print error to STDERR\n    echo \"error: The sandbox is not in sync with the Podfile.lock. Run 'pod install' or update your CocoaPods installation.\" >&2\n    exit 1\nfi\n# This output is used by Xcode 'outputs' to avoid re-running this script phase.\necho \"SUCCESS\" > \"${SCRIPT_OUTPUT_FILE_0}\"\n";
			showEnvVarsInLog = 0;
		};
/* End PBXShellScriptBuildPhase section */

/* Begin PBXSourcesBuildPhase section */
		D4367F4B2653C2C10021A5E5 /* Sources */ = {
			isa = PBXSourcesBuildPhase;
			buildActionMask = 2147483647;
			files = (
				D4367F5A2653C2C10021A5E5 /* ViewController.m in Sources */,
				D4367F542653C2C10021A5E5 /* AppDelegate.m in Sources */,
				D4367F652653C2C40021A5E5 /* main.m in Sources */,
				D4367F572653C2C10021A5E5 /* SceneDelegate.m in Sources */,
				D48544692654AE1200531BCB /* XXADManager.m in Sources */,
			);
			runOnlyForDeploymentPostprocessing = 0;
		};
/* End PBXSourcesBuildPhase section */

/* Begin PBXVariantGroup section */
		D4367F5B2653C2C10021A5E5 /* Main.storyboard */ = {
			isa = PBXVariantGroup;
			children = (
				D4367F5C2653C2C10021A5E5 /* Base */,
			);
			name = Main.storyboard;
			sourceTree = "<group>";
		};
		D4367F602653C2C40021A5E5 /* LaunchScreen.storyboard */ = {
			isa = PBXVariantGroup;
			children = (
				D4367F612653C2C40021A5E5 /* Base */,
			);
			name = LaunchScreen.storyboard;
			sourceTree = "<group>";
		};
/* End PBXVariantGroup section */

/* Begin XCBuildConfiguration section */
		D4367F662653C2C40021A5E5 /* Debug */ = {
			isa = XCBuildConfiguration;
			buildSettings = {
				ALWAYS_SEARCH_USER_PATHS = NO;
				CLANG_ANALYZER_NONNULL = YES;
				CLANG_ANALYZER_NUMBER_OBJECT_CONVERSION = YES_AGGRESSIVE;
				CLANG_CXX_LANGUAGE_STANDARD = "gnu++14";
				CLANG_CXX_LIBRARY = "libc++";
				CLANG_ENABLE_MODULES = YES;
				CLANG_ENABLE_OBJC_ARC = YES;
				CLANG_ENABLE_OBJC_WEAK = YES;
				CLANG_WARN_BLOCK_CAPTURE_AUTORELEASING = YES;
				CLANG_WARN_BOOL_CONVERSION = YES;
				CLANG_WARN_COMMA = YES;
				CLANG_WARN_CONSTANT_CONVERSION = YES;
				CLANG_WARN_DEPRECATED_OBJC_IMPLEMENTATIONS = YES;
				CLANG_WARN_DIRECT_OBJC_ISA_USAGE = YES_ERROR;
				CLANG_WARN_DOCUMENTATION_COMMENTS = YES;
				CLANG_WARN_EMPTY_BODY = YES;
				CLANG_WARN_ENUM_CONVERSION = YES;
				CLANG_WARN_INFINITE_RECURSION = YES;
				CLANG_WARN_INT_CONVERSION = YES;
				CLANG_WARN_NON_LITERAL_NULL_CONVERSION = YES;
				CLANG_WARN_OBJC_IMPLICIT_RETAIN_SELF = YES;
				CLANG_WARN_OBJC_LITERAL_CONVERSION = YES;
				CLANG_WARN_OBJC_ROOT_CLASS = YES_ERROR;
				CLANG_WARN_QUOTED_INCLUDE_IN_FRAMEWORK_HEADER = YES;
				CLANG_WARN_RANGE_LOOP_ANALYSIS = YES;
				CLANG_WARN_STRICT_PROTOTYPES = YES;
				CLANG_WARN_SUSPICIOUS_MOVE = YES;
				CLANG_WARN_UNGUARDED_AVAILABILITY = YES_AGGRESSIVE;
				CLANG_WARN_UNREACHABLE_CODE = YES;
				CLANG_WARN__DUPLICATE_METHOD_MATCH = YES;
				COPY_PHASE_STRIP = NO;
				DEBUG_INFORMATION_FORMAT = dwarf;
				ENABLE_STRICT_OBJC_MSGSEND = YES;
				ENABLE_TESTABILITY = YES;
				GCC_C_LANGUAGE_STANDARD = gnu11;
				GCC_DYNAMIC_NO_PIC = NO;
				GCC_NO_COMMON_BLOCKS = YES;
				GCC_OPTIMIZATION_LEVEL = 0;
				GCC_PREPROCESSOR_DEFINITIONS = (
					"DEBUG=1",
					"$(inherited)",
				);
				GCC_WARN_64_TO_32_BIT_CONVERSION = YES;
				GCC_WARN_ABOUT_RETURN_TYPE = YES_ERROR;
				GCC_WARN_UNDECLARED_SELECTOR = YES;
				GCC_WARN_UNINITIALIZED_AUTOS = YES_AGGRESSIVE;
				GCC_WARN_UNUSED_FUNCTION = YES;
				GCC_WARN_UNUSED_VARIABLE = YES;
				IPHONEOS_DEPLOYMENT_TARGET = 14.2;
				MTL_ENABLE_DEBUG_INFO = INCLUDE_SOURCE;
				MTL_FAST_MATH = YES;
				ONLY_ACTIVE_ARCH = YES;
				SDKROOT = iphoneos;
			};
			name = Debug;
		};
		D4367F672653C2C40021A5E5 /* Release */ = {
			isa = XCBuildConfiguration;
			buildSettings = {
				ALWAYS_SEARCH_USER_PATHS = NO;
				CLANG_ANALYZER_NONNULL = YES;
				CLANG_ANALYZER_NUMBER_OBJECT_CONVERSION = YES_AGGRESSIVE;
				CLANG_CXX_LANGUAGE_STANDARD = "gnu++14";
				CLANG_CXX_LIBRARY = "libc++";
				CLANG_ENABLE_MODULES = YES;
				CLANG_ENABLE_OBJC_ARC = YES;
				CLANG_ENABLE_OBJC_WEAK = YES;
				CLANG_WARN_BLOCK_CAPTURE_AUTORELEASING = YES;
				CLANG_WARN_BOOL_CONVERSION = YES;
				CLANG_WARN_COMMA = YES;
				CLANG_WARN_CONSTANT_CONVERSION = YES;
				CLANG_WARN_DEPRECATED_OBJC_IMPLEMENTATIONS = YES;
				CLANG_WARN_DIRECT_OBJC_ISA_USAGE = YES_ERROR;
				CLANG_WARN_DOCUMENTATION_COMMENTS = YES;
				CLANG_WARN_EMPTY_BODY = YES;
				CLANG_WARN_ENUM_CONVERSION = YES;
				CLANG_WARN_INFINITE_RECURSION = YES;
				CLANG_WARN_INT_CONVERSION = YES;
				CLANG_WARN_NON_LITERAL_NULL_CONVERSION = YES;
				CLANG_WARN_OBJC_IMPLICIT_RETAIN_SELF = YES;
				CLANG_WARN_OBJC_LITERAL_CONVERSION = YES;
				CLANG_WARN_OBJC_ROOT_CLASS = YES_ERROR;
				CLANG_WARN_QUOTED_INCLUDE_IN_FRAMEWORK_HEADER = YES;
				CLANG_WARN_RANGE_LOOP_ANALYSIS = YES;
				CLANG_WARN_STRICT_PROTOTYPES = YES;
				CLANG_WARN_SUSPICIOUS_MOVE = YES;
				CLANG_WARN_UNGUARDED_AVAILABILITY = YES_AGGRESSIVE;
				CLANG_WARN_UNREACHABLE_CODE = YES;
				CLANG_WARN__DUPLICATE_METHOD_MATCH = YES;
				COPY_PHASE_STRIP = NO;
				DEBUG_INFORMATION_FORMAT = "dwarf-with-dsym";
				ENABLE_NS_ASSERTIONS = NO;
				ENABLE_STRICT_OBJC_MSGSEND = YES;
				GCC_C_LANGUAGE_STANDARD = gnu11;
				GCC_NO_COMMON_BLOCKS = YES;
				GCC_WARN_64_TO_32_BIT_CONVERSION = YES;
				GCC_WARN_ABOUT_RETURN_TYPE = YES_ERROR;
				GCC_WARN_UNDECLARED_SELECTOR = YES;
				GCC_WARN_UNINITIALIZED_AUTOS = YES_AGGRESSIVE;
				GCC_WARN_UNUSED_FUNCTION = YES;
				GCC_WARN_UNUSED_VARIABLE = YES;
				IPHONEOS_DEPLOYMENT_TARGET = 14.2;
				MTL_ENABLE_DEBUG_INFO = NO;
				MTL_FAST_MATH = YES;
				SDKROOT = iphoneos;
				VALIDATE_PRODUCT = YES;
			};
			name = Release;
		};
		D4367F692653C2C40021A5E5 /* Debug */ = {
			isa = XCBuildConfiguration;
			baseConfigurationReference = EEAC84880516E456D78B7AA7 /* Pods-AD.debug.xcconfig */;
			buildSettings = {
				ASSETCATALOG_COMPILER_APPICON_NAME = AppIcon;
				ASSETCATALOG_COMPILER_GLOBAL_ACCENT_COLOR_NAME = AccentColor;
				CODE_SIGN_STYLE = Automatic;
				DEVELOPMENT_TEAM = 4739C3MRTL;
				INFOPLIST_FILE = AD/Info.plist;
				LD_RUNPATH_SEARCH_PATHS = (
					"$(inherited)",
					"@executable_path/Frameworks",
				);
				PRODUCT_BUNDLE_IDENTIFIER = com.LightByte.AD;
				PRODUCT_NAME = "$(TARGET_NAME)";
				TARGETED_DEVICE_FAMILY = "1,2";
			};
			name = Debug;
		};
		D4367F6A2653C2C40021A5E5 /* Release */ = {
			isa = XCBuildConfiguration;
			baseConfigurationReference = 104555E875F9959F78D420F6 /* Pods-AD.release.xcconfig */;
			buildSettings = {
				ASSETCATALOG_COMPILER_APPICON_NAME = AppIcon;
				ASSETCATALOG_COMPILER_GLOBAL_ACCENT_COLOR_NAME = AccentColor;
				CODE_SIGN_STYLE = Automatic;
				DEVELOPMENT_TEAM = 4739C3MRTL;
				INFOPLIST_FILE = AD/Info.plist;
				LD_RUNPATH_SEARCH_PATHS = (
					"$(inherited)",
					"@executable_path/Frameworks",
				);
				PRODUCT_BUNDLE_IDENTIFIER = com.LightByte.AD;
				PRODUCT_NAME = "$(TARGET_NAME)";
				TARGETED_DEVICE_FAMILY = "1,2";
			};
			name = Release;
		};
/* End XCBuildConfiguration section */

/* Begin XCConfigurationList section */
		D4367F4A2653C2C10021A5E5 /* Build configuration list for PBXProject "AD" */ = {
			isa = XCConfigurationList;
			buildConfigurations = (
				D4367F662653C2C40021A5E5 /* Debug */,
				D4367F672653C2C40021A5E5 /* Release */,
			);
			defaultConfigurationIsVisible = 0;
			defaultConfigurationName = Release;
		};
		D4367F682653C2C40021A5E5 /* Build configuration list for PBXNativeTarget "AD" */ = {
			isa = XCConfigurationList;
			buildConfigurations = (
				D4367F692653C2C40021A5E5 /* Debug */,
				D4367F6A2653C2C40021A5E5 /* Release */,
			);
			defaultConfigurationIsVisible = 0;
			defaultConfigurationName = Release;
		};
/* End XCConfigurationList section */
	};
	rootObject = D4367F472653C2C10021A5E5 /* Project object */;
}
