PODS:
  - GDTMobSDK (4.12.70):
    - GDTMobSDK/GDTMobSDK (= 4.12.70)
  - GDTMobSDK/GDTMobSDK (4.12.70)

DEPENDENCIES:
  - GDTMobSDK

SPEC REPOS:
  trunk:
    - GDTMobSDK

SPEC CHECKSUMS:
  GDTMobSDK: 9d12b0f49de6a4fef3298d1ca1bba82880aa710a

PODFILE CHECKSUM: 68af7f3d491088b48ff5fc255f4fde0aa79a40e3

COCOAPODS: 1.10.1
